
Microsoft Visual Studio Solution File, Format Version 12.00
# Visual Studio Version 17
VisualStudioVersion = 17.2.32630.192
MinimumVisualStudioVersion = 10.0.40219.1
Project("{FAE04EC0-301F-11D3-BF4B-00C04F79EFBC}") = "clicker2", "clicker2\clicker2.csproj", "{F460CE8C-6FFC-4691-9E73-24739F8F5DFF}"
EndProject
Global
	GlobalSection(SolutionConfigurationPlatforms) = preSolution
		Debug|Any CPU = Debug|Any CPU
		Release|Any CPU = Release|Any CPU
	EndGlobalSection
	GlobalSection(ProjectConfigurationPlatforms) = postSolution
		{F460CE8C-6FFC-4691-9E73-24739F8F5DFF}.Debug|Any CPU.ActiveCfg = Debug|Any CPU
		{F460CE8C-6FFC-4691-9E73-24739F8F5DFF}.Debug|Any CPU.Build.0 = Debug|Any CPU
		{F460CE8C-6FFC-4691-9E73-24739F8F5DFF}.Release|Any CPU.ActiveCfg = Release|Any CPU
		{F460CE8C-6FFC-4691-9E73-24739F8F5DFF}.Release|Any CPU.Build.0 = Release|Any CPU
	EndGlobalSection
	GlobalSection(SolutionProperties) = preSolution
		HideSolutionNode = FALSE
	EndGlobalSection
	GlobalSection(ExtensibilityGlobals) = postSolution
		SolutionGuid = {8BEDDAB9-D587-473F-BAF1-244BBBF56214}
	EndGlobalSection
EndGlobal
